{
  "name": "unocss-rspack-plugin",
  "version": "0.57.7",
  "lockfileVersion": 2,
  "requires": true,
  "packages": {
    "": {
      "name": "unocss-rspack-plugin",
      "version": "0.57.7",
      "license": "MIT",
      "dependencies": {
        "@ampproject/remapping": "2.2.1",
        "@rollup/pluginutils": "5.0.5",
        "@unocss/config": "0.57.7",
        "@unocss/core": "0.57.7",
        "fast-glob": "3.3.2",
        "magic-string": "0.30.5",
        "webpack-sources": "3.2.3"
      },
      "devDependencies": {},
      "peerDependencies": {
        "@rspack/core": "^0.3 || ^0.4"
      }
    },
    "node_modules/@ampproject/remapping": {
      "version": "2.2.1",
      "license": "Apache-2.0",
      "dependencies": {
        "@jridgewell/gen-mapping": "^0.3.0",
        "@jridgewell/trace-mapping": "^0.3.9"
      },
      "engines": {
        "node": ">=6.0.0"
      }
    },
    "node_modules/@antfu/utils": {
      "version": "0.7.6",
      "license": "MIT",
      "funding": {
        "url": "https://github.com/sponsors/antfu"
      }
    },
    "node_modules/@jridgewell/gen-mapping": {
      "version": "0.3.3",
      "license": "MIT",
      "dependencies": {
        "@jridgewell/set-array": "^1.0.1",
        "@jridgewell/sourcemap-codec": "^1.4.10",
        "@jridgewell/trace-mapping": "^0.3.9"
      },
      "engines": {
        "node": ">=6.0.0"
      }
    },
    "node_modules/@jridgewell/resolve-uri": {
      "version": "3.1.1",
      "license": "MIT",
      "engines": {
        "node": ">=6.0.0"
      }
    },
    "node_modules/@jridgewell/set-array": {
      "version": "1.1.2",
      "license": "MIT",
      "engines": {
        "node": ">=6.0.0"
      }
    },
    "node_modules/@jridgewell/sourcemap-codec": {
      "version": "1.4.15",
      "license": "MIT"
    },
    "node_modules/@jridgewell/trace-mapping": {
      "version": "0.3.20",
      "license": "MIT",
      "dependencies": {
        "@jridgewell/resolve-uri": "^3.1.0",
        "@jridgewell/sourcemap-codec": "^1.4.14"
      }
    },
    "node_modules/@nodelib/fs.scandir": {
      "version": "2.1.5",
      "license": "MIT",
      "dependencies": {
        "@nodelib/fs.stat": "2.0.5",
        "run-parallel": "^1.1.9"
      },
      "engines": {
        "node": ">= 8"
      }
    },
    "node_modules/@nodelib/fs.stat": {
      "version": "2.0.5",
      "license": "MIT",
      "engines": {
        "node": ">= 8"
      }
    },
    "node_modules/@nodelib/fs.walk": {
      "version": "1.2.8",
      "license": "MIT",
      "dependencies": {
        "@nodelib/fs.scandir": "2.1.5",
        "fastq": "^1.6.0"
      },
      "engines": {
        "node": ">= 8"
      }
    },
    "node_modules/@rollup/pluginutils": {
      "version": "5.0.5",
      "license": "MIT",
      "dependencies": {
        "@types/estree": "^1.0.0",
        "estree-walker": "^2.0.2",
        "picomatch": "^2.3.1"
      },
      "engines": {
        "node": ">=14.0.0"
      },
      "peerDependencies": {
        "rollup": "^1.20.0||^2.0.0||^3.0.0||^4.0.0"
      },
      "peerDependenciesMeta": {
        "rollup": {
          "optional": true
        }
      }
    },
    "node_modules/@rspack/binding": {
      "version": "0.4.1",
      "license": "MIT",
      "peer": true,
      "optionalDependencies": {
        "@rspack/binding-darwin-arm64": "0.4.1",
        "@rspack/binding-darwin-x64": "0.4.1",
        "@rspack/binding-linux-arm64-gnu": "0.4.1",
        "@rspack/binding-linux-arm64-musl": "0.4.1",
        "@rspack/binding-linux-x64-gnu": "0.4.1",
        "@rspack/binding-linux-x64-musl": "0.4.1",
        "@rspack/binding-win32-arm64-msvc": "0.4.1",
        "@rspack/binding-win32-ia32-msvc": "0.4.1",
        "@rspack/binding-win32-x64-msvc": "0.4.1"
      }
    },
    "node_modules/@rspack/binding-darwin-arm64": {
      "optional": true,
      "peer": true
    },
    "node_modules/@rspack/binding-darwin-x64": {
      "optional": true,
      "peer": true
    },
    "node_modules/@rspack/binding-linux-arm64-gnu": {
      "optional": true,
      "peer": true
    },
    "node_modules/@rspack/binding-linux-arm64-musl": {
      "optional": true,
      "peer": true
    },
    "node_modules/@rspack/binding-linux-x64-gnu": {
      "optional": true,
      "peer": true
    },
    "node_modules/@rspack/binding-linux-x64-musl": {
      "optional": true,
      "peer": true
    },
    "node_modules/@rspack/binding-win32-arm64-msvc": {
      "optional": true,
      "peer": true
    },
    "node_modules/@rspack/binding-win32-ia32-msvc": {
      "optional": true,
      "peer": true
    },
    "node_modules/@rspack/binding-win32-x64-msvc": {
      "optional": true,
      "peer": true
    },
    "node_modules/@rspack/core": {
      "version": "0.4.1",
      "resolved": "https://bnpm.byted.org/@rspack/core/-/core-0.4.1.tgz",
      "integrity": "sha512-g502i0fHMj0lCr1Y/Bh5iwsEGB1BTiN+H06Oc39qEgs4bwQqnkGg/iQSBoR7q1886lAK8yIIDQeyCxF/6qI7EA==",
      "license": "MIT",
      "peer": true,
      "dependencies": {
        "@rspack/binding": "0.4.1",
        "@swc/helpers": "0.5.1",
        "browserslist": "^4.21.3",
        "compare-versions": "6.0.0-rc.1",
        "enhanced-resolve": "5.12.0",
        "fast-querystring": "1.1.2",
        "graceful-fs": "4.2.10",
        "json-parse-even-better-errors": "^3.0.0",
        "neo-async": "2.6.2",
        "react-refresh": "0.14.0",
        "tapable": "2.2.1",
        "terminal-link": "^2.1.1",
        "watchpack": "^2.4.0",
        "webpack-sources": "3.2.3",
        "zod": "^3.21.4",
        "zod-validation-error": "1.3.1"
      },
      "engines": {
        "node": ">=16.0.0"
      }
    },
    "node_modules/@swc/helpers": {
      "version": "0.5.1",
      "resolved": "https://bnpm.byted.org/@swc/helpers/-/helpers-0.5.1.tgz",
      "integrity": "sha512-sJ902EfIzn1Fa+qYmjdQqh8tPsoxyBz+8yBKC2HKUxyezKJFwPGOn7pv4WY6QuQW//ySQi5lJjA/ZT9sNWWNTg==",
      "license": "Apache-2.0",
      "peer": true,
      "dependencies": {
        "tslib": "^2.4.0"
      }
    },
    "node_modules/@types/estree": {
      "version": "1.0.5",
      "license": "MIT"
    },
    "node_modules/@unocss/config": {
      "version": "0.57.7",
      "license": "MIT",
      "dependencies": {
        "@unocss/core": "0.57.7",
        "unconfig": "^0.3.11"
      },
      "engines": {
        "node": ">=14"
      },
      "funding": {
        "url": "https://github.com/sponsors/antfu"
      }
    },
    "node_modules/@unocss/config/node_modules/jiti": {
      "version": "1.21.0",
      "resolved": "https://bnpm.byted.org/jiti/-/jiti-1.21.0.tgz",
      "integrity": "sha512-gFqAIbuKyyso/3G2qhiO2OM6shY6EPP/R0+mkDbyspxKazh8BXDC5FiFsUjlczgdNz/vfra0da2y+aHrusLG/Q==",
      "license": "MIT",
      "bin": {
        "jiti": "bin/jiti.js"
      }
    },
    "node_modules/@unocss/config/node_modules/unconfig": {
      "version": "0.3.11",
      "resolved": "https://bnpm.byted.org/unconfig/-/unconfig-0.3.11.tgz",
      "integrity": "sha512-bV/nqePAKv71v3HdVUn6UefbsDKQWRX+bJIkiSm0+twIds6WiD2bJLWWT3i214+J/B4edufZpG2w7Y63Vbwxow==",
      "license": "MIT",
      "dependencies": {
        "@antfu/utils": "^0.7.6",
        "defu": "^6.1.2",
        "jiti": "^1.20.0",
        "mlly": "^1.4.2"
      },
      "funding": {
        "url": "https://github.com/sponsors/antfu"
      }
    },
    "node_modules/@unocss/core": {
      "version": "0.57.7",
      "resolved": "https://bnpm.byted.org/@unocss/core/-/core-0.57.7.tgz",
      "integrity": "sha512-1d36M0CV3yC80J0pqOa5rH1BX6g2iZdtKmIb3oSBN4AWnMCSrrJEPBrUikyMq2TEQTrYWJIVDzv5A9hBUat3TA==",
      "license": "MIT",
      "funding": {
        "url": "https://github.com/sponsors/antfu"
      }
    },
    "node_modules/acorn": {
      "version": "8.11.2",
      "license": "MIT",
      "bin": {
        "acorn": "bin/acorn"
      },
      "engines": {
        "node": ">=0.4.0"
      }
    },
    "node_modules/ansi-escapes": {
      "version": "4.3.2",
      "license": "MIT",
      "peer": true,
      "dependencies": {
        "type-fest": "^0.21.3"
      },
      "engines": {
        "node": ">=8"
      },
      "funding": {
        "url": "https://github.com/sponsors/sindresorhus"
      }
    },
    "node_modules/braces": {
      "version": "3.0.2",
      "license": "MIT",
      "dependencies": {
        "fill-range": "^7.0.1"
      },
      "engines": {
        "node": ">=8"
      }
    },
    "node_modules/browserslist": {
      "version": "4.22.1",
      "funding": [
        {
          "type": "opencollective",
          "url": "https://opencollective.com/browserslist"
        },
        {
          "type": "tidelift",
          "url": "https://tidelift.com/funding/github/npm/browserslist"
        },
        {
          "type": "github",
          "url": "https://github.com/sponsors/ai"
        }
      ],
      "license": "MIT",
      "peer": true,
      "dependencies": {
        "caniuse-lite": "^1.0.30001541",
        "electron-to-chromium": "^1.4.535",
        "node-releases": "^2.0.13",
        "update-browserslist-db": "^1.0.13"
      },
      "bin": {
        "browserslist": "cli.js"
      },
      "engines": {
        "node": "^6 || ^7 || ^8 || ^9 || ^10 || ^11 || ^12 || >=13.7"
      }
    },
    "node_modules/caniuse-lite": {
      "peer": true
    },
    "node_modules/compare-versions": {
      "version": "6.0.0-rc.1",
      "license": "MIT",
      "peer": true
    },
    "node_modules/defu": {
      "version": "6.1.3",
      "license": "MIT"
    },
    "node_modules/electron-to-chromium": {
      "peer": true
    },
    "node_modules/enhanced-resolve": {
      "version": "5.12.0",
      "resolved": "https://bnpm.byted.org/enhanced-resolve/-/enhanced-resolve-5.12.0.tgz",
      "integrity": "sha512-QHTXI/sZQmko1cbDoNAa3mJ5qhWUUNAq3vR0/YiD379fWQrcfuoX1+HW2S0MTt7XmoPLapdaDKUtelUSPic7hQ==",
      "license": "MIT",
      "peer": true,
      "dependencies": {
        "graceful-fs": "^4.2.4",
        "tapable": "^2.2.0"
      },
      "engines": {
        "node": ">=10.13.0"
      }
    },
    "node_modules/escalade": {
      "version": "3.1.1",
      "license": "MIT",
      "peer": true,
      "engines": {
        "node": ">=6"
      }
    },
    "node_modules/estree-walker": {
      "version": "2.0.2",
      "license": "MIT"
    },
    "node_modules/fast-decode-uri-component": {
      "version": "1.0.1",
      "license": "MIT",
      "peer": true
    },
    "node_modules/fast-glob": {
      "version": "3.3.2",
      "resolved": "https://bnpm.byted.org/fast-glob/-/fast-glob-3.3.2.tgz",
      "integrity": "sha512-oX2ruAFQwf/Orj8m737Y5adxDQO0LAB7/S5MnxCdTNDd4p6BsyIVsv9JQsATbTSq8KHRpLwIHbVlUNatxd+1Ow==",
      "license": "MIT",
      "dependencies": {
        "@nodelib/fs.stat": "^2.0.2",
        "@nodelib/fs.walk": "^1.2.3",
        "glob-parent": "^5.1.2",
        "merge2": "^1.3.0",
        "micromatch": "^4.0.4"
      },
      "engines": {
        "node": ">=8.6.0"
      }
    },
    "node_modules/fast-querystring": {
      "version": "1.1.2",
      "license": "MIT",
      "peer": true,
      "dependencies": {
        "fast-decode-uri-component": "^1.0.1"
      }
    },
    "node_modules/fastq": {
      "version": "1.15.0",
      "license": "ISC",
      "dependencies": {
        "reusify": "^1.0.4"
      }
    },
    "node_modules/fill-range": {
      "version": "7.0.1",
      "license": "MIT",
      "dependencies": {
        "to-regex-range": "^5.0.1"
      },
      "engines": {
        "node": ">=8"
      }
    },
    "node_modules/glob-parent": {
      "version": "5.1.2",
      "license": "ISC",
      "dependencies": {
        "is-glob": "^4.0.1"
      },
      "engines": {
        "node": ">= 6"
      }
    },
    "node_modules/glob-to-regexp": {
      "version": "0.4.1",
      "license": "BSD-2-Clause",
      "peer": true
    },
    "node_modules/graceful-fs": {
      "version": "4.2.10",
      "license": "ISC",
      "peer": true
    },
    "node_modules/has-flag": {
      "version": "4.0.0",
      "license": "MIT",
      "peer": true,
      "engines": {
        "node": ">=8"
      }
    },
    "node_modules/is-extglob": {
      "version": "2.1.1",
      "license": "MIT",
      "engines": {
        "node": ">=0.10.0"
      }
    },
    "node_modules/is-glob": {
      "version": "4.0.3",
      "license": "MIT",
      "dependencies": {
        "is-extglob": "^2.1.1"
      },
      "engines": {
        "node": ">=0.10.0"
      }
    },
    "node_modules/is-number": {
      "version": "7.0.0",
      "license": "MIT",
      "engines": {
        "node": ">=0.12.0"
      }
    },
    "node_modules/json-parse-even-better-errors": {
      "version": "3.0.1",
      "license": "MIT",
      "peer": true,
      "engines": {
        "node": "^14.17.0 || ^16.13.0 || >=18.0.0"
      }
    },
    "node_modules/jsonc-parser": {},
    "node_modules/magic-string": {
      "version": "0.30.5",
      "license": "MIT",
      "dependencies": {
        "@jridgewell/sourcemap-codec": "^1.4.15"
      },
      "engines": {
        "node": ">=12"
      }
    },
    "node_modules/merge2": {
      "version": "1.4.1",
      "license": "MIT",
      "engines": {
        "node": ">= 8"
      }
    },
    "node_modules/micromatch": {
      "version": "4.0.5",
      "license": "MIT",
      "dependencies": {
        "braces": "^3.0.2",
        "picomatch": "^2.3.1"
      },
      "engines": {
        "node": ">=8.6"
      }
    },
    "node_modules/mlly": {
      "version": "1.4.2",
      "license": "MIT",
      "dependencies": {
        "acorn": "^8.10.0",
        "pathe": "^1.1.1",
        "pkg-types": "^1.0.3",
        "ufo": "^1.3.0"
      }
    },
    "node_modules/neo-async": {
      "version": "2.6.2",
      "resolved": "https://bnpm.byted.org/neo-async/-/neo-async-2.6.2.tgz",
      "integrity": "sha512-Yd3UES5mWCSqR+qNT93S3UoYUkqAZ9lLg8a7g9rimsWmYGK8cVToA4/sF3RrshdyV3sAGMXVUmpMYOw+dLpOuw==",
      "license": "MIT",
      "peer": true
    },
    "node_modules/node-releases": {
      "version": "2.0.13",
      "license": "MIT",
      "peer": true
    },
    "node_modules/pathe": {
      "version": "1.1.1",
      "license": "MIT"
    },
    "node_modules/picocolors": {
      "version": "1.0.0",
      "license": "ISC",
      "peer": true
    },
    "node_modules/picomatch": {
      "version": "2.3.1",
      "license": "MIT",
      "engines": {
        "node": ">=8.6"
      },
      "funding": {
        "url": "https://github.com/sponsors/jonschlinkert"
      }
    },
    "node_modules/pkg-types": {
      "version": "1.0.3",
      "license": "MIT",
      "dependencies": {
        "jsonc-parser": "^3.2.0",
        "mlly": "^1.2.0",
        "pathe": "^1.1.0"
      }
    },
    "node_modules/queue-microtask": {
      "version": "1.2.3",
      "funding": [
        {
          "type": "github",
          "url": "https://github.com/sponsors/feross"
        },
        {
          "type": "patreon",
          "url": "https://www.patreon.com/feross"
        },
        {
          "type": "consulting",
          "url": "https://feross.org/support"
        }
      ],
      "license": "MIT"
    },
    "node_modules/react-refresh": {
      "version": "0.14.0",
      "license": "MIT",
      "peer": true,
      "engines": {
        "node": ">=0.10.0"
      }
    },
    "node_modules/reusify": {
      "version": "1.0.4",
      "license": "MIT",
      "engines": {
        "iojs": ">=1.0.0",
        "node": ">=0.10.0"
      }
    },
    "node_modules/run-parallel": {
      "version": "1.2.0",
      "funding": [
        {
          "type": "github",
          "url": "https://github.com/sponsors/feross"
        },
        {
          "type": "patreon",
          "url": "https://www.patreon.com/feross"
        },
        {
          "type": "consulting",
          "url": "https://feross.org/support"
        }
      ],
      "license": "MIT",
      "dependencies": {
        "queue-microtask": "^1.2.2"
      }
    },
    "node_modules/supports-color": {
      "version": "7.2.0",
      "license": "MIT",
      "peer": true,
      "dependencies": {
        "has-flag": "^4.0.0"
      },
      "engines": {
        "node": ">=8"
      }
    },
    "node_modules/supports-hyperlinks": {
      "version": "2.3.0",
      "license": "MIT",
      "peer": true,
      "dependencies": {
        "has-flag": "^4.0.0",
        "supports-color": "^7.0.0"
      },
      "engines": {
        "node": ">=8"
      }
    },
    "node_modules/tapable": {
      "version": "2.2.1",
      "license": "MIT",
      "peer": true,
      "engines": {
        "node": ">=6"
      }
    },
    "node_modules/terminal-link": {
      "version": "2.1.1",
      "license": "MIT",
      "peer": true,
      "dependencies": {
        "ansi-escapes": "^4.2.1",
        "supports-hyperlinks": "^2.0.0"
      },
      "engines": {
        "node": ">=8"
      },
      "funding": {
        "url": "https://github.com/sponsors/sindresorhus"
      }
    },
    "node_modules/to-regex-range": {
      "version": "5.0.1",
      "license": "MIT",
      "dependencies": {
        "is-number": "^7.0.0"
      },
      "engines": {
        "node": ">=8.0"
      }
    },
    "node_modules/tslib": {
      "version": "2.6.2",
      "license": "0BSD",
      "peer": true
    },
    "node_modules/type-fest": {
      "version": "0.21.3",
      "license": "(MIT OR CC0-1.0)",
      "peer": true,
      "engines": {
        "node": ">=10"
      },
      "funding": {
        "url": "https://github.com/sponsors/sindresorhus"
      }
    },
    "node_modules/ufo": {
      "version": "1.3.2",
      "license": "MIT"
    },
    "node_modules/update-browserslist-db": {
      "version": "1.0.13",
      "funding": [
        {
          "type": "opencollective",
          "url": "https://opencollective.com/browserslist"
        },
        {
          "type": "tidelift",
          "url": "https://tidelift.com/funding/github/npm/browserslist"
        },
        {
          "type": "github",
          "url": "https://github.com/sponsors/ai"
        }
      ],
      "license": "MIT",
      "peer": true,
      "dependencies": {
        "escalade": "^3.1.1",
        "picocolors": "^1.0.0"
      },
      "bin": {
        "update-browserslist-db": "cli.js"
      },
      "peerDependencies": {
        "browserslist": ">= 4.21.0"
      }
    },
    "node_modules/watchpack": {
      "version": "2.4.0",
      "license": "MIT",
      "peer": true,
      "dependencies": {
        "glob-to-regexp": "^0.4.1",
        "graceful-fs": "^4.1.2"
      },
      "engines": {
        "node": ">=10.13.0"
      }
    },
    "node_modules/webpack-sources": {
      "version": "3.2.3",
      "resolved": "https://bnpm.byted.org/webpack-sources/-/webpack-sources-3.2.3.tgz",
      "integrity": "sha512-/DyMEOrDgLKKIG0fmvtz+4dUX/3Ghozwgm6iPp8KRhvn+eQf9+Q7GWxVNMk3+uCPWfdXYC4ExGBckIXdFEfH1w==",
      "license": "MIT",
      "engines": {
        "node": ">=10.13.0"
      }
    },
    "node_modules/zod": {
      "version": "3.22.4",
      "resolved": "https://bnpm.byted.org/zod/-/zod-3.22.4.tgz",
      "integrity": "sha512-iC+8Io04lddc+mVqQ9AZ7OQ2MrUKGN+oIQyq1vemgt46jwCwLfhq7/pwnBnNXXXZb8VTVLKwp9EDkx+ryxIWmg==",
      "license": "MIT",
      "peer": true,
      "funding": {
        "url": "https://github.com/sponsors/colinhacks"
      }
    },
    "node_modules/zod-validation-error": {
      "version": "1.3.1",
      "resolved": "https://bnpm.byted.org/zod-validation-error/-/zod-validation-error-1.3.1.tgz",
      "integrity": "sha512-cNEXpla+tREtNdAnNKY4xKY1SGOn2yzyuZMu4O0RQylX9apRpUjNcPkEc3uHIAr5Ct7LenjZt6RzjEH6+JsqVQ==",
      "license": "MIT",
      "peer": true,
      "engines": {
        "node": ">=16.0.0"
      },
      "peerDependencies": {
        "zod": "^3.18.0"
      }
    }
  },
  "dependencies": {
    "@ampproject/remapping": {
      "version": "2.2.1",
      "requires": {
        "@jridgewell/gen-mapping": "^0.3.0",
        "@jridgewell/trace-mapping": "^0.3.9"
      }
    },
    "@antfu/utils": {
      "version": "0.7.6"
    },
    "@jridgewell/gen-mapping": {
      "version": "0.3.3",
      "requires": {
        "@jridgewell/set-array": "^1.0.1",
        "@jridgewell/sourcemap-codec": "^1.4.10",
        "@jridgewell/trace-mapping": "^0.3.9"
      }
    },
    "@jridgewell/resolve-uri": {
      "version": "3.1.1"
    },
    "@jridgewell/set-array": {
      "version": "1.1.2"
    },
    "@jridgewell/sourcemap-codec": {
      "version": "1.4.15"
    },
    "@jridgewell/trace-mapping": {
      "version": "0.3.20",
      "requires": {
        "@jridgewell/resolve-uri": "^3.1.0",
        "@jridgewell/sourcemap-codec": "^1.4.14"
      }
    },
    "@nodelib/fs.scandir": {
      "version": "2.1.5",
      "requires": {
        "@nodelib/fs.stat": "2.0.5",
        "run-parallel": "^1.1.9"
      }
    },
    "@nodelib/fs.stat": {
      "version": "2.0.5"
    },
    "@nodelib/fs.walk": {
      "version": "1.2.8",
      "requires": {
        "@nodelib/fs.scandir": "2.1.5",
        "fastq": "^1.6.0"
      }
    },
    "@rollup/pluginutils": {
      "version": "5.0.5",
      "requires": {
        "@types/estree": "^1.0.0",
        "estree-walker": "^2.0.2",
        "picomatch": "^2.3.1"
      }
    },
    "@rspack/binding": {
      "version": "0.4.1",
      "peer": true,
      "requires": {
        "@rspack/binding-darwin-arm64": "0.4.1",
        "@rspack/binding-darwin-x64": "0.4.1",
        "@rspack/binding-linux-arm64-gnu": "0.4.1",
        "@rspack/binding-linux-arm64-musl": "0.4.1",
        "@rspack/binding-linux-x64-gnu": "0.4.1",
        "@rspack/binding-linux-x64-musl": "0.4.1",
        "@rspack/binding-win32-arm64-msvc": "0.4.1",
        "@rspack/binding-win32-ia32-msvc": "0.4.1",
        "@rspack/binding-win32-x64-msvc": "0.4.1"
      }
    },
    "@rspack/binding-darwin-arm64": {
      "optional": true,
      "peer": true
    },
    "@rspack/binding-darwin-x64": {
      "optional": true,
      "peer": true
    },
    "@rspack/binding-linux-arm64-gnu": {
      "optional": true,
      "peer": true
    },
    "@rspack/binding-linux-arm64-musl": {
      "optional": true,
      "peer": true
    },
    "@rspack/binding-linux-x64-gnu": {
      "optional": true,
      "peer": true
    },
    "@rspack/binding-linux-x64-musl": {
      "optional": true,
      "peer": true
    },
    "@rspack/binding-win32-arm64-msvc": {
      "optional": true,
      "peer": true
    },
    "@rspack/binding-win32-ia32-msvc": {
      "optional": true,
      "peer": true
    },
    "@rspack/binding-win32-x64-msvc": {
      "optional": true,
      "peer": true
    },
    "@rspack/core": {
      "version": "0.4.1",
      "resolved": "https://bnpm.byted.org/@rspack/core/-/core-0.4.1.tgz",
      "integrity": "sha512-g502i0fHMj0lCr1Y/Bh5iwsEGB1BTiN+H06Oc39qEgs4bwQqnkGg/iQSBoR7q1886lAK8yIIDQeyCxF/6qI7EA==",
      "peer": true,
      "requires": {
        "@rspack/binding": "0.4.1",
        "@swc/helpers": "0.5.1",
        "browserslist": "^4.21.3",
        "compare-versions": "6.0.0-rc.1",
        "enhanced-resolve": "5.12.0",
        "fast-querystring": "1.1.2",
        "graceful-fs": "4.2.10",
        "json-parse-even-better-errors": "^3.0.0",
        "neo-async": "2.6.2",
        "react-refresh": "0.14.0",
        "tapable": "2.2.1",
        "terminal-link": "^2.1.1",
        "watchpack": "^2.4.0",
        "webpack-sources": "3.2.3",
        "zod": "^3.21.4",
        "zod-validation-error": "1.3.1"
      }
    },
    "@swc/helpers": {
      "version": "0.5.1",
      "resolved": "https://bnpm.byted.org/@swc/helpers/-/helpers-0.5.1.tgz",
      "integrity": "sha512-sJ902EfIzn1Fa+qYmjdQqh8tPsoxyBz+8yBKC2HKUxyezKJFwPGOn7pv4WY6QuQW//ySQi5lJjA/ZT9sNWWNTg==",
      "peer": true,
      "requires": {
        "tslib": "^2.4.0"
      }
    },
    "@types/estree": {
      "version": "1.0.5"
    },
    "@unocss/config": {
      "version": "0.57.7",
      "requires": {
        "@unocss/core": "0.57.7",
        "unconfig": "^0.3.11"
      },
      "dependencies": {
        "jiti": {
          "version": "1.21.0",
          "resolved": "https://bnpm.byted.org/jiti/-/jiti-1.21.0.tgz",
          "integrity": "sha512-gFqAIbuKyyso/3G2qhiO2OM6shY6EPP/R0+mkDbyspxKazh8BXDC5FiFsUjlczgdNz/vfra0da2y+aHrusLG/Q=="
        },
        "unconfig": {
          "version": "0.3.11",
          "resolved": "https://bnpm.byted.org/unconfig/-/unconfig-0.3.11.tgz",
          "integrity": "sha512-bV/nqePAKv71v3HdVUn6UefbsDKQWRX+bJIkiSm0+twIds6WiD2bJLWWT3i214+J/B4edufZpG2w7Y63Vbwxow==",
          "requires": {
            "@antfu/utils": "^0.7.6",
            "defu": "^6.1.2",
            "jiti": "^1.20.0",
            "mlly": "^1.4.2"
          }
        }
      }
    },
    "@unocss/core": {
      "version": "0.57.7",
      "resolved": "https://bnpm.byted.org/@unocss/core/-/core-0.57.7.tgz",
      "integrity": "sha512-1d36M0CV3yC80J0pqOa5rH1BX6g2iZdtKmIb3oSBN4AWnMCSrrJEPBrUikyMq2TEQTrYWJIVDzv5A9hBUat3TA=="
    },
    "acorn": {
      "version": "8.11.2"
    },
    "ansi-escapes": {
      "version": "4.3.2",
      "peer": true,
      "requires": {
        "type-fest": "^0.21.3"
      }
    },
    "braces": {
      "version": "3.0.2",
      "requires": {
        "fill-range": "^7.0.1"
      }
    },
    "browserslist": {
      "version": "4.22.1",
      "peer": true,
      "requires": {
        "caniuse-lite": "^1.0.30001541",
        "electron-to-chromium": "^1.4.535",
        "node-releases": "^2.0.13",
        "update-browserslist-db": "^1.0.13"
      }
    },
    "caniuse-lite": {
      "peer": true
    },
    "compare-versions": {
      "version": "6.0.0-rc.1",
      "peer": true
    },
    "defu": {
      "version": "6.1.3"
    },
    "electron-to-chromium": {
      "peer": true
    },
    "enhanced-resolve": {
      "version": "5.12.0",
      "resolved": "https://bnpm.byted.org/enhanced-resolve/-/enhanced-resolve-5.12.0.tgz",
      "integrity": "sha512-QHTXI/sZQmko1cbDoNAa3mJ5qhWUUNAq3vR0/YiD379fWQrcfuoX1+HW2S0MTt7XmoPLapdaDKUtelUSPic7hQ==",
      "peer": true,
      "requires": {
        "graceful-fs": "^4.2.4",
        "tapable": "^2.2.0"
      }
    },
    "escalade": {
      "version": "3.1.1",
      "peer": true
    },
    "estree-walker": {
      "version": "2.0.2"
    },
    "fast-decode-uri-component": {
      "version": "1.0.1",
      "peer": true
    },
    "fast-glob": {
      "version": "3.3.2",
      "resolved": "https://bnpm.byted.org/fast-glob/-/fast-glob-3.3.2.tgz",
      "integrity": "sha512-oX2ruAFQwf/Orj8m737Y5adxDQO0LAB7/S5MnxCdTNDd4p6BsyIVsv9JQsATbTSq8KHRpLwIHbVlUNatxd+1Ow==",
      "requires": {
        "@nodelib/fs.stat": "^2.0.2",
        "@nodelib/fs.walk": "^1.2.3",
        "glob-parent": "^5.1.2",
        "merge2": "^1.3.0",
        "micromatch": "^4.0.4"
      }
    },
    "fast-querystring": {
      "version": "1.1.2",
      "peer": true,
      "requires": {
        "fast-decode-uri-component": "^1.0.1"
      }
    },
    "fastq": {
      "version": "1.15.0",
      "requires": {
        "reusify": "^1.0.4"
      }
    },
    "fill-range": {
      "version": "7.0.1",
      "requires": {
        "to-regex-range": "^5.0.1"
      }
    },
    "glob-parent": {
      "version": "5.1.2",
      "requires": {
        "is-glob": "^4.0.1"
      }
    },
    "glob-to-regexp": {
      "version": "0.4.1",
      "peer": true
    },
    "graceful-fs": {
      "version": "4.2.10",
      "peer": true
    },
    "has-flag": {
      "version": "4.0.0",
      "peer": true
    },
    "is-extglob": {
      "version": "2.1.1"
    },
    "is-glob": {
      "version": "4.0.3",
      "requires": {
        "is-extglob": "^2.1.1"
      }
    },
    "is-number": {
      "version": "7.0.0"
    },
    "json-parse-even-better-errors": {
      "version": "3.0.1",
      "peer": true
    },
    "jsonc-parser": {},
    "magic-string": {
      "version": "0.30.5",
      "requires": {
        "@jridgewell/sourcemap-codec": "^1.4.15"
      }
    },
    "merge2": {
      "version": "1.4.1"
    },
    "micromatch": {
      "version": "4.0.5",
      "requires": {
        "braces": "^3.0.2",
        "picomatch": "^2.3.1"
      }
    },
    "mlly": {
      "version": "1.4.2",
      "requires": {
        "acorn": "^8.10.0",
        "pathe": "^1.1.1",
        "pkg-types": "^1.0.3",
        "ufo": "^1.3.0"
      }
    },
    "neo-async": {
      "version": "2.6.2",
      "resolved": "https://bnpm.byted.org/neo-async/-/neo-async-2.6.2.tgz",
      "integrity": "sha512-Yd3UES5mWCSqR+qNT93S3UoYUkqAZ9lLg8a7g9rimsWmYGK8cVToA4/sF3RrshdyV3sAGMXVUmpMYOw+dLpOuw==",
      "peer": true
    },
    "node-releases": {
      "version": "2.0.13",
      "peer": true
    },
    "pathe": {
      "version": "1.1.1"
    },
    "picocolors": {
      "version": "1.0.0",
      "peer": true
    },
    "picomatch": {
      "version": "2.3.1"
    },
    "pkg-types": {
      "version": "1.0.3",
      "requires": {
        "jsonc-parser": "^3.2.0",
        "mlly": "^1.2.0",
        "pathe": "^1.1.0"
      }
    },
    "queue-microtask": {
      "version": "1.2.3"
    },
    "react-refresh": {
      "version": "0.14.0",
      "peer": true
    },
    "reusify": {
      "version": "1.0.4"
    },
    "run-parallel": {
      "version": "1.2.0",
      "requires": {
        "queue-microtask": "^1.2.2"
      }
    },
    "supports-color": {
      "version": "7.2.0",
      "peer": true,
      "requires": {
        "has-flag": "^4.0.0"
      }
    },
    "supports-hyperlinks": {
      "version": "2.3.0",
      "peer": true,
      "requires": {
        "has-flag": "^4.0.0",
        "supports-color": "^7.0.0"
      }
    },
    "tapable": {
      "version": "2.2.1",
      "peer": true
    },
    "terminal-link": {
      "version": "2.1.1",
      "peer": true,
      "requires": {
        "ansi-escapes": "^4.2.1",
        "supports-hyperlinks": "^2.0.0"
      }
    },
    "to-regex-range": {
      "version": "5.0.1",
      "requires": {
        "is-number": "^7.0.0"
      }
    },
    "tslib": {
      "version": "2.6.2",
      "peer": true
    },
    "type-fest": {
      "version": "0.21.3",
      "peer": true
    },
    "ufo": {
      "version": "1.3.2"
    },
    "update-browserslist-db": {
      "version": "1.0.13",
      "peer": true,
      "requires": {
        "escalade": "^3.1.1",
        "picocolors": "^1.0.0"
      }
    },
    "watchpack": {
      "version": "2.4.0",
      "peer": true,
      "requires": {
        "glob-to-regexp": "^0.4.1",
        "graceful-fs": "^4.1.2"
      }
    },
    "webpack-sources": {
      "version": "3.2.3",
      "resolved": "https://bnpm.byted.org/webpack-sources/-/webpack-sources-3.2.3.tgz",
      "integrity": "sha512-/DyMEOrDgLKKIG0fmvtz+4dUX/3Ghozwgm6iPp8KRhvn+eQf9+Q7GWxVNMk3+uCPWfdXYC4ExGBckIXdFEfH1w=="
    },
    "zod": {
      "version": "3.22.4",
      "resolved": "https://bnpm.byted.org/zod/-/zod-3.22.4.tgz",
      "integrity": "sha512-iC+8Io04lddc+mVqQ9AZ7OQ2MrUKGN+oIQyq1vemgt46jwCwLfhq7/pwnBnNXXXZb8VTVLKwp9EDkx+ryxIWmg==",
      "peer": true
    },
    "zod-validation-error": {
      "version": "1.3.1",
      "resolved": "https://bnpm.byted.org/zod-validation-error/-/zod-validation-error-1.3.1.tgz",
      "integrity": "sha512-cNEXpla+tREtNdAnNKY4xKY1SGOn2yzyuZMu4O0RQylX9apRpUjNcPkEc3uHIAr5Ct7LenjZt6RzjEH6+JsqVQ==",
      "peer": true,
      "requires": {}
    }
  }
}
